
Microsoft Visual Studio Solution File, Format Version 12.00
# Visual Studio Version 16
VisualStudioVersion = 16.0.29806.167
MinimumVisualStudioVersion = 10.0.40219.1
Project("{2150E333-8FDC-42A3-9474-1A3956D46DE8}") = "Domain", "Domain", "{9235E115-A7ED-4903-AF59-EF3A8250CC61}"
EndProject
Project("{2150E333-8FDC-42A3-9474-1A3956D46DE8}") = "Infra.Bus", "Infra.Bus", "{3F67C01F-6B89-4ACF-8153-D8D7C239097F}"
EndProject
Project("{2150E333-8FDC-42A3-9474-1A3956D46DE8}") = "Infra.IoC", "Infra.IoC", "{63535DDA-DBB5-41E0-9DF9-BEEFE9AA47CD}"
EndProject
Project("{2150E333-8FDC-42A3-9474-1A3956D46DE8}") = "Microservices", "Microservices", "{670267C1-8C8C-4444-B7E5-703010B3A2B7}"
EndProject
Project("{2150E333-8FDC-42A3-9474-1A3956D46DE8}") = "Presentation", "Presentation", "{4A81A85B-4C78-4416-9A1D-82B616C81FAB}"
EndProject
Project("{FAE04EC0-301F-11D3-BF4B-00C04F79EFBC}") = "MicroRabbit.Domain.Core", "MicroRabbit.Domain.Core\MicroRabbit.Domain.Core.csproj", "{71A9163C-3121-4BE8-855A-A36F8458979D}"
EndProject
Project("{FAE04EC0-301F-11D3-BF4B-00C04F79EFBC}") = "MicroRabbit.Infra.Bus", "MicroRabbit.Infra.Bus\MicroRabbit.Infra.Bus.csproj", "{19A981FE-D29C-4904-B450-0D735B92C3C3}"
EndProject
Project("{FAE04EC0-301F-11D3-BF4B-00C04F79EFBC}") = "MicroRabbit.Infra.IoC", "MicroRabbit.Infra.IoC\MicroRabbit.Infra.IoC.csproj", "{2E8DB1B8-AF5F-495C-A0F0-EA66145549E9}"
EndProject
Project("{2150E333-8FDC-42A3-9474-1A3956D46DE8}") = "Banking", "Banking", "{AA36C89C-64A9-4A94-9229-DB480503540B}"
EndProject
Project("{2150E333-8FDC-42A3-9474-1A3956D46DE8}") = "Api", "Api", "{37F3AE47-7525-4FA9-A934-36744B33C187}"
EndProject
Project("{2150E333-8FDC-42A3-9474-1A3956D46DE8}") = "Domain", "Domain", "{F3EBC842-39D7-4FAA-AA4D-5654C3C98B5E}"
EndProject
Project("{2150E333-8FDC-42A3-9474-1A3956D46DE8}") = "Application", "Application", "{EC173761-0660-4F08-8341-8523FD5AFFFB}"
EndProject
Project("{2150E333-8FDC-42A3-9474-1A3956D46DE8}") = "Data", "Data", "{B5B5489E-6A7C-473B-9265-10C709874DEC}"
EndProject
Project("{FAE04EC0-301F-11D3-BF4B-00C04F79EFBC}") = "MicroRabbit.Banking.Api", "MicroRabbit.Banking.Api\MicroRabbit.Banking.Api.csproj", "{34F0120E-1482-4FB6-A502-6A649AC8CA8B}"
EndProject
Project("{FAE04EC0-301F-11D3-BF4B-00C04F79EFBC}") = "MicroRabbit.Banking.Application", "MicroRabbit.Banking.Application\MicroRabbit.Banking.Application.csproj", "{22BEE18C-26BD-4D4D-B926-A8E1BB60C174}"
EndProject
Project("{FAE04EC0-301F-11D3-BF4B-00C04F79EFBC}") = "MicroRabbit.Banking.Data", "MicroRabbit.Banking.Data\MicroRabbit.Banking.Data.csproj", "{D7C08A06-4114-4D07-BD56-73285F2E9922}"
EndProject
Project("{FAE04EC0-301F-11D3-BF4B-00C04F79EFBC}") = "MicroRabbit.Banking.Domain", "MicroRabbit.Banking.Domain\MicroRabbit.Banking.Domain.csproj", "{18A99155-929A-4146-BE1A-52DD71EED54A}"
EndProject
Global
	GlobalSection(SolutionConfigurationPlatforms) = preSolution
		Debug|Any CPU = Debug|Any CPU
		Release|Any CPU = Release|Any CPU
	EndGlobalSection
	GlobalSection(ProjectConfigurationPlatforms) = postSolution
		{71A9163C-3121-4BE8-855A-A36F8458979D}.Debug|Any CPU.ActiveCfg = Debug|Any CPU
		{71A9163C-3121-4BE8-855A-A36F8458979D}.Debug|Any CPU.Build.0 = Debug|Any CPU
		{71A9163C-3121-4BE8-855A-A36F8458979D}.Release|Any CPU.ActiveCfg = Release|Any CPU
		{71A9163C-3121-4BE8-855A-A36F8458979D}.Release|Any CPU.Build.0 = Release|Any CPU
		{19A981FE-D29C-4904-B450-0D735B92C3C3}.Debug|Any CPU.ActiveCfg = Debug|Any CPU
		{19A981FE-D29C-4904-B450-0D735B92C3C3}.Debug|Any CPU.Build.0 = Debug|Any CPU
		{19A981FE-D29C-4904-B450-0D735B92C3C3}.Release|Any CPU.ActiveCfg = Release|Any CPU
		{19A981FE-D29C-4904-B450-0D735B92C3C3}.Release|Any CPU.Build.0 = Release|Any CPU
		{2E8DB1B8-AF5F-495C-A0F0-EA66145549E9}.Debug|Any CPU.ActiveCfg = Debug|Any CPU
		{2E8DB1B8-AF5F-495C-A0F0-EA66145549E9}.Debug|Any CPU.Build.0 = Debug|Any CPU
		{2E8DB1B8-AF5F-495C-A0F0-EA66145549E9}.Release|Any CPU.ActiveCfg = Release|Any CPU
		{2E8DB1B8-AF5F-495C-A0F0-EA66145549E9}.Release|Any CPU.Build.0 = Release|Any CPU
		{34F0120E-1482-4FB6-A502-6A649AC8CA8B}.Debug|Any CPU.ActiveCfg = Debug|Any CPU
		{34F0120E-1482-4FB6-A502-6A649AC8CA8B}.Debug|Any CPU.Build.0 = Debug|Any CPU
		{34F0120E-1482-4FB6-A502-6A649AC8CA8B}.Release|Any CPU.ActiveCfg = Release|Any CPU
		{34F0120E-1482-4FB6-A502-6A649AC8CA8B}.Release|Any CPU.Build.0 = Release|Any CPU
		{22BEE18C-26BD-4D4D-B926-A8E1BB60C174}.Debug|Any CPU.ActiveCfg = Debug|Any CPU
		{22BEE18C-26BD-4D4D-B926-A8E1BB60C174}.Debug|Any CPU.Build.0 = Debug|Any CPU
		{22BEE18C-26BD-4D4D-B926-A8E1BB60C174}.Release|Any CPU.ActiveCfg = Release|Any CPU
		{22BEE18C-26BD-4D4D-B926-A8E1BB60C174}.Release|Any CPU.Build.0 = Release|Any CPU
		{D7C08A06-4114-4D07-BD56-73285F2E9922}.Debug|Any CPU.ActiveCfg = Debug|Any CPU
		{D7C08A06-4114-4D07-BD56-73285F2E9922}.Debug|Any CPU.Build.0 = Debug|Any CPU
		{D7C08A06-4114-4D07-BD56-73285F2E9922}.Release|Any CPU.ActiveCfg = Release|Any CPU
		{D7C08A06-4114-4D07-BD56-73285F2E9922}.Release|Any CPU.Build.0 = Release|Any CPU
		{18A99155-929A-4146-BE1A-52DD71EED54A}.Debug|Any CPU.ActiveCfg = Debug|Any CPU
		{18A99155-929A-4146-BE1A-52DD71EED54A}.Debug|Any CPU.Build.0 = Debug|Any CPU
		{18A99155-929A-4146-BE1A-52DD71EED54A}.Release|Any CPU.ActiveCfg = Release|Any CPU
		{18A99155-929A-4146-BE1A-52DD71EED54A}.Release|Any CPU.Build.0 = Release|Any CPU
	EndGlobalSection
	GlobalSection(SolutionProperties) = preSolution
		HideSolutionNode = FALSE
	EndGlobalSection
	GlobalSection(NestedProjects) = preSolution
		{71A9163C-3121-4BE8-855A-A36F8458979D} = {9235E115-A7ED-4903-AF59-EF3A8250CC61}
		{19A981FE-D29C-4904-B450-0D735B92C3C3} = {3F67C01F-6B89-4ACF-8153-D8D7C239097F}
		{2E8DB1B8-AF5F-495C-A0F0-EA66145549E9} = {63535DDA-DBB5-41E0-9DF9-BEEFE9AA47CD}
		{AA36C89C-64A9-4A94-9229-DB480503540B} = {670267C1-8C8C-4444-B7E5-703010B3A2B7}
		{37F3AE47-7525-4FA9-A934-36744B33C187} = {AA36C89C-64A9-4A94-9229-DB480503540B}
		{F3EBC842-39D7-4FAA-AA4D-5654C3C98B5E} = {AA36C89C-64A9-4A94-9229-DB480503540B}
		{EC173761-0660-4F08-8341-8523FD5AFFFB} = {AA36C89C-64A9-4A94-9229-DB480503540B}
		{B5B5489E-6A7C-473B-9265-10C709874DEC} = {AA36C89C-64A9-4A94-9229-DB480503540B}
		{34F0120E-1482-4FB6-A502-6A649AC8CA8B} = {37F3AE47-7525-4FA9-A934-36744B33C187}
		{22BEE18C-26BD-4D4D-B926-A8E1BB60C174} = {EC173761-0660-4F08-8341-8523FD5AFFFB}
		{D7C08A06-4114-4D07-BD56-73285F2E9922} = {B5B5489E-6A7C-473B-9265-10C709874DEC}
		{18A99155-929A-4146-BE1A-52DD71EED54A} = {F3EBC842-39D7-4FAA-AA4D-5654C3C98B5E}
	EndGlobalSection
	GlobalSection(ExtensibilityGlobals) = postSolution
		SolutionGuid = {B0D1C427-4C4D-49DF-9C84-E03A424F95B6}
	EndGlobalSection
EndGlobal
